dependencies:
  espressif/esp-nn:
    component_hash: f6f2851ce82137a66e4265071c9b852bbe0130b882a18dea9f03faea7bf1295a
    dependencies:
    - name: idf
      require: private
      version: '>=4.2'
    source:
      registry_url: https://components.espressif.com/
      type: service
    version: 1.1.0
  espressif/esp-tflite-micro:
    dependencies:
    - name: idf
      version: '>=4.4'
    - name: espressif/esp-nn
      version: ^1.1.0
    source:
      path: /Users/alex/esp/esp-tflite-micro
      type: local
    version: '*'
  idf:
    source:
      type: idf
    version: 5.0.1
direct_dependencies:
- espressif/esp-tflite-micro
manifest_hash: 18848151465374fa5519c3ec5d70ef347d0267f2d3577d6a921f6ab688555fd8
target: esp32s3
version: 2.0.0
